
Microsoft Visual Studio Solution File, Format Version 12.00
# Visual Studio 15
Project("{FAE04EC0-301F-11D3-BF4B-00C04F79EFBC}") = "UnityEngine.TestRunner", "UnityEngine.TestRunner.csproj", "{3A0C5E3B-AB79-BDE8-E095-D025EF6442C9}"
EndProject
Project("{FAE04EC0-301F-11D3-BF4B-00C04F79EFBC}") = "Unity.Mathematics", "Unity.Mathematics.csproj", "{938483A2-D320-746B-ED1F-623CA900FFE1}"
EndProject
Project("{FAE04EC0-301F-11D3-BF4B-00C04F79EFBC}") = "Unity.VisualScripting.State", "Unity.VisualScripting.State.csproj", "{7644A904-3B34-3DDE-291C-BE615FEEFE59}"
EndProject
Project("{FAE04EC0-301F-11D3-BF4B-00C04F79EFBC}") = "Unity.VisualScripting.Core", "Unity.VisualScripting.Core.csproj", "{3E1ACD6D-5E42-4770-C731-99B09524EEA9}"
EndProject
Project("{FAE04EC0-301F-11D3-BF4B-00C04F79EFBC}") = "Unity.VisualScripting.Flow", "Unity.VisualScripting.Flow.csproj", "{C8B12F04-99F0-11C0-5D66-61593D1797C5}"
EndProject
Project("{FAE04EC0-301F-11D3-BF4B-00C04F79EFBC}") = "Unity.2D.Animation.Runtime", "Unity.2D.Animation.Runtime.csproj", "{DF68D898-864E-9647-4733-CB287AD6CCA3}"
EndProject
Project("{FAE04EC0-301F-11D3-BF4B-00C04F79EFBC}") = "Unity.TextMeshPro", "Unity.TextMeshPro.csproj", "{BFFA5FC0-9881-81FA-BBAD-0741F6FFC3AC}"
EndProject
Project("{FAE04EC0-301F-11D3-BF4B-00C04F79EFBC}") = "Cinemachine", "Cinemachine.csproj", "{03D1B037-14F4-68BD-BF43-F259DFC1EACC}"
EndProject
Project("{FAE04EC0-301F-11D3-BF4B-00C04F79EFBC}") = "Unity.Timeline", "Unity.Timeline.csproj", "{748D682B-5CB8-4C4B-DCCF-F5303D844F11}"
EndProject
Project("{FAE04EC0-301F-11D3-BF4B-00C04F79EFBC}") = "Unity.2D.SpriteShape.Runtime", "Unity.2D.SpriteShape.Runtime.csproj", "{009E7269-ACF0-2295-5EC4-5A8293AF98D3}"
EndProject
Project("{FAE04EC0-301F-11D3-BF4B-00C04F79EFBC}") = "Unity.2D.Animation.Triangle.Runtime", "Unity.2D.Animation.Triangle.Runtime.csproj", "{8712CBBA-E585-15E4-1AF5-77AE9C41121F}"
EndProject
Project("{FAE04EC0-301F-11D3-BF4B-00C04F79EFBC}") = "Assembly-CSharp", "Assembly-CSharp.csproj", "{1C6ED32C-CE08-8201-C037-87471C9F34EA}"
EndProject
Project("{FAE04EC0-301F-11D3-BF4B-00C04F79EFBC}") = "Unity.2D.PixelPerfect", "Unity.2D.PixelPerfect.csproj", "{46EF1A37-6DC5-7B42-B83D-29665873E920}"
EndProject
Project("{FAE04EC0-301F-11D3-BF4B-00C04F79EFBC}") = "Unity.2D.IK.Runtime", "Unity.2D.IK.Runtime.csproj", "{56619A30-F9EB-760F-C355-20E539D98414}"
EndProject
Project("{FAE04EC0-301F-11D3-BF4B-00C04F79EFBC}") = "Unity.2D.Tilemap.Extras", "Unity.2D.Tilemap.Extras.csproj", "{94B530EB-DC9D-F80F-D440-3071AD9F916C}"
EndProject
Project("{FAE04EC0-301F-11D3-BF4B-00C04F79EFBC}") = "Unity.2D.Common.Runtime", "Unity.2D.Common.Runtime.csproj", "{CCCB6CA9-D518-9B0A-7D05-FCFB70F0C04C}"
EndProject
Project("{FAE04EC0-301F-11D3-BF4B-00C04F79EFBC}") = "Unity.InternalAPIEngineBridge.001", "Unity.InternalAPIEngineBridge.001.csproj", "{460BDE5D-E9A3-C120-4B64-7E7EE0D74DA2}"
EndProject
Project("{FAE04EC0-301F-11D3-BF4B-00C04F79EFBC}") = "Unity.PlasticSCM.Editor", "Unity.PlasticSCM.Editor.csproj", "{19B505A5-7B5B-463F-E31F-BF6417066A6D}"
EndProject
Project("{FAE04EC0-301F-11D3-BF4B-00C04F79EFBC}") = "Unity.VisualScripting.Core.Editor", "Unity.VisualScripting.Core.Editor.csproj", "{A3CC9F55-5E17-B021-9D11-22EE04FE83B3}"
EndProject
Project("{FAE04EC0-301F-11D3-BF4B-00C04F79EFBC}") = "Unity.VisualStudio.Editor", "Unity.VisualStudio.Editor.csproj", "{4A7F18AE-1FE8-017B-56DB-CDA4E0DEFA2C}"
EndProject
Project("{FAE04EC0-301F-11D3-BF4B-00C04F79EFBC}") = "Unity.Timeline.Editor", "Unity.Timeline.Editor.csproj", "{B6D7A28E-25D1-9BBC-C462-1979354C8B1E}"
EndProject
Project("{FAE04EC0-301F-11D3-BF4B-00C04F79EFBC}") = "com.unity.cinemachine.editor", "com.unity.cinemachine.editor.csproj", "{9E529DA7-0482-574D-811B-EA2654F990FE}"
EndProject
Project("{FAE04EC0-301F-11D3-BF4B-00C04F79EFBC}") = "Unity.VisualScripting.State.Editor", "Unity.VisualScripting.State.Editor.csproj", "{263C5C45-483D-73F4-B5CC-61C523A61668}"
EndProject
Project("{FAE04EC0-301F-11D3-BF4B-00C04F79EFBC}") = "Unity.TextMeshPro.Editor", "Unity.TextMeshPro.Editor.csproj", "{3FFB4A9A-97D0-5549-67D3-99F3C1E33ADF}"
EndProject
Project("{FAE04EC0-301F-11D3-BF4B-00C04F79EFBC}") = "Unity.2D.Animation.Editor", "Unity.2D.Animation.Editor.csproj", "{8C023C16-E2AD-55F4-303F-19EC30F7A700}"
EndProject
Project("{FAE04EC0-301F-11D3-BF4B-00C04F79EFBC}") = "VSSettingsProvider", "VSSettingsProvider.csproj", "{D0F9B6E3-2EF9-2901-D534-76607B495E10}"
EndProject
Project("{FAE04EC0-301F-11D3-BF4B-00C04F79EFBC}") = "Unity.CollabProxy.Editor", "Unity.CollabProxy.Editor.csproj", "{D0A92652-909A-99CE-1502-D19CF7FD37AB}"
EndProject
Project("{FAE04EC0-301F-11D3-BF4B-00C04F79EFBC}") = "UnityEditor.TestRunner", "UnityEditor.TestRunner.csproj", "{4C0FB2BB-8E35-8BFB-26CB-8B4A8677524C}"
EndProject
Project("{FAE04EC0-301F-11D3-BF4B-00C04F79EFBC}") = "Unity.VisualScripting.Flow.Editor", "Unity.VisualScripting.Flow.Editor.csproj", "{E480AE60-B8B3-AEAC-8ECD-C30823CF9882}"
EndProject
Project("{FAE04EC0-301F-11D3-BF4B-00C04F79EFBC}") = "Unity.Rider.Editor", "Unity.Rider.Editor.csproj", "{F4317B56-DB78-85E7-9289-CBD1D04B6DAA}"
EndProject
Project("{FAE04EC0-301F-11D3-BF4B-00C04F79EFBC}") = "Unity.2D.Path.Editor", "Unity.2D.Path.Editor.csproj", "{474BC7D5-0065-CFBD-F265-AEACFBD77EFD}"
EndProject
Project("{FAE04EC0-301F-11D3-BF4B-00C04F79EFBC}") = "PsdPlugin", "PsdPlugin.csproj", "{E05304DC-36FC-5791-C412-F22069B2A16D}"
EndProject
Project("{FAE04EC0-301F-11D3-BF4B-00C04F79EFBC}") = "Unity.2D.IK.Editor", "Unity.2D.IK.Editor.csproj", "{1AAAF987-F69B-CA4E-4989-F0B2221D1671}"
EndProject
Project("{FAE04EC0-301F-11D3-BF4B-00C04F79EFBC}") = "Unity.2D.Psdimporter.Editor", "Unity.2D.Psdimporter.Editor.csproj", "{7301B889-5ED5-FF42-F6CB-3FEFFDC9AB00}"
EndProject
Project("{FAE04EC0-301F-11D3-BF4B-00C04F79EFBC}") = "Unity.2D.SpriteShape.Editor", "Unity.2D.SpriteShape.Editor.csproj", "{5CA9AF05-5560-6D93-C5A9-6CCDB6FF9818}"
EndProject
Project("{FAE04EC0-301F-11D3-BF4B-00C04F79EFBC}") = "Unity.2D.PixelPerfect.Editor", "Unity.2D.PixelPerfect.Editor.csproj", "{670B148C-74DF-417F-3D8C-6181663CD7D3}"
EndProject
Project("{FAE04EC0-301F-11D3-BF4B-00C04F79EFBC}") = "Unity.VSCode.Editor", "Unity.VSCode.Editor.csproj", "{4EE8D4BF-04A7-F670-760A-48C2D2661CF9}"
EndProject
Project("{FAE04EC0-301F-11D3-BF4B-00C04F79EFBC}") = "Unity.Mathematics.Editor", "Unity.Mathematics.Editor.csproj", "{9FD73682-1D0E-F68B-93C6-ABB90C2C88CB}"
EndProject
Project("{FAE04EC0-301F-11D3-BF4B-00C04F79EFBC}") = "Unity.2D.Common.Editor", "Unity.2D.Common.Editor.csproj", "{D43BB691-8414-D972-A004-3B5E502AF8DE}"
EndProject
Project("{FAE04EC0-301F-11D3-BF4B-00C04F79EFBC}") = "Unity.2D.Tilemap.Extras.Editor", "Unity.2D.Tilemap.Extras.Editor.csproj", "{B7D084F4-7D98-C210-E0AF-22340D6C340D}"
EndProject
Project("{FAE04EC0-301F-11D3-BF4B-00C04F79EFBC}") = "Unity.InternalAPIEditorBridge.001", "Unity.InternalAPIEditorBridge.001.csproj", "{005E9A2F-AE70-CEAE-22D2-ABA3C66A27A5}"
EndProject
Global
	GlobalSection(SolutionConfigurationPlatforms) = preSolution
		Debug|Any CPU = Debug|Any CPU
		Release|Any CPU = Release|Any CPU
	EndGlobalSection
	GlobalSection(ProjectConfigurationPlatforms) = postSolution
		{3A0C5E3B-AB79-BDE8-E095-D025EF6442C9}.Debug|Any CPU.ActiveCfg = Debug|Any CPU
		{3A0C5E3B-AB79-BDE8-E095-D025EF6442C9}.Debug|Any CPU.Build.0 = Debug|Any CPU
		{3A0C5E3B-AB79-BDE8-E095-D025EF6442C9}.Release|Any CPU.ActiveCfg = Release|Any CPU
		{3A0C5E3B-AB79-BDE8-E095-D025EF6442C9}.Release|Any CPU.Build.0 = Release|Any CPU
		{938483A2-D320-746B-ED1F-623CA900FFE1}.Debug|Any CPU.ActiveCfg = Debug|Any CPU
		{938483A2-D320-746B-ED1F-623CA900FFE1}.Debug|Any CPU.Build.0 = Debug|Any CPU
		{938483A2-D320-746B-ED1F-623CA900FFE1}.Release|Any CPU.ActiveCfg = Release|Any CPU
		{938483A2-D320-746B-ED1F-623CA900FFE1}.Release|Any CPU.Build.0 = Release|Any CPU
		{7644A904-3B34-3DDE-291C-BE615FEEFE59}.Debug|Any CPU.ActiveCfg = Debug|Any CPU
		{7644A904-3B34-3DDE-291C-BE615FEEFE59}.Debug|Any CPU.Build.0 = Debug|Any CPU
		{7644A904-3B34-3DDE-291C-BE615FEEFE59}.Release|Any CPU.ActiveCfg = Release|Any CPU
		{7644A904-3B34-3DDE-291C-BE615FEEFE59}.Release|Any CPU.Build.0 = Release|Any CPU
		{3E1ACD6D-5E42-4770-C731-99B09524EEA9}.Debug|Any CPU.ActiveCfg = Debug|Any CPU
		{3E1ACD6D-5E42-4770-C731-99B09524EEA9}.Debug|Any CPU.Build.0 = Debug|Any CPU
		{3E1ACD6D-5E42-4770-C731-99B09524EEA9}.Release|Any CPU.ActiveCfg = Release|Any CPU
		{3E1ACD6D-5E42-4770-C731-99B09524EEA9}.Release|Any CPU.Build.0 = Release|Any CPU
		{C8B12F04-99F0-11C0-5D66-61593D1797C5}.Debug|Any CPU.ActiveCfg = Debug|Any CPU
		{C8B12F04-99F0-11C0-5D66-61593D1797C5}.Debug|Any CPU.Build.0 = Debug|Any CPU
		{C8B12F04-99F0-11C0-5D66-61593D1797C5}.Release|Any CPU.ActiveCfg = Release|Any CPU
		{C8B12F04-99F0-11C0-5D66-61593D1797C5}.Release|Any CPU.Build.0 = Release|Any CPU
		{DF68D898-864E-9647-4733-CB287AD6CCA3}.Debug|Any CPU.ActiveCfg = Debug|Any CPU
		{DF68D898-864E-9647-4733-CB287AD6CCA3}.Debug|Any CPU.Build.0 = Debug|Any CPU
		{DF68D898-864E-9647-4733-CB287AD6CCA3}.Release|Any CPU.ActiveCfg = Release|Any CPU
		{DF68D898-864E-9647-4733-CB287AD6CCA3}.Release|Any CPU.Build.0 = Release|Any CPU
		{BFFA5FC0-9881-81FA-BBAD-0741F6FFC3AC}.Debug|Any CPU.ActiveCfg = Debug|Any CPU
		{BFFA5FC0-9881-81FA-BBAD-0741F6FFC3AC}.Debug|Any CPU.Build.0 = Debug|Any CPU
		{BFFA5FC0-9881-81FA-BBAD-0741F6FFC3AC}.Release|Any CPU.ActiveCfg = Release|Any CPU
		{BFFA5FC0-9881-81FA-BBAD-0741F6FFC3AC}.Release|Any CPU.Build.0 = Release|Any CPU
		{03D1B037-14F4-68BD-BF43-F259DFC1EACC}.Debug|Any CPU.ActiveCfg = Debug|Any CPU
		{03D1B037-14F4-68BD-BF43-F259DFC1EACC}.Debug|Any CPU.Build.0 = Debug|Any CPU
		{03D1B037-14F4-68BD-BF43-F259DFC1EACC}.Release|Any CPU.ActiveCfg = Release|Any CPU
		{03D1B037-14F4-68BD-BF43-F259DFC1EACC}.Release|Any CPU.Build.0 = Release|Any CPU
		{748D682B-5CB8-4C4B-DCCF-F5303D844F11}.Debug|Any CPU.ActiveCfg = Debug|Any CPU
		{748D682B-5CB8-4C4B-DCCF-F5303D844F11}.Debug|Any CPU.Build.0 = Debug|Any CPU
		{748D682B-5CB8-4C4B-DCCF-F5303D844F11}.Release|Any CPU.ActiveCfg = Release|Any CPU
		{748D682B-5CB8-4C4B-DCCF-F5303D844F11}.Release|Any CPU.Build.0 = Release|Any CPU
		{009E7269-ACF0-2295-5EC4-5A8293AF98D3}.Debug|Any CPU.ActiveCfg = Debug|Any CPU
		{009E7269-ACF0-2295-5EC4-5A8293AF98D3}.Debug|Any CPU.Build.0 = Debug|Any CPU
		{009E7269-ACF0-2295-5EC4-5A8293AF98D3}.Release|Any CPU.ActiveCfg = Release|Any CPU
		{009E7269-ACF0-2295-5EC4-5A8293AF98D3}.Release|Any CPU.Build.0 = Release|Any CPU
		{8712CBBA-E585-15E4-1AF5-77AE9C41121F}.Debug|Any CPU.ActiveCfg = Debug|Any CPU
		{8712CBBA-E585-15E4-1AF5-77AE9C41121F}.Debug|Any CPU.Build.0 = Debug|Any CPU
		{8712CBBA-E585-15E4-1AF5-77AE9C41121F}.Release|Any CPU.ActiveCfg = Release|Any CPU
		{8712CBBA-E585-15E4-1AF5-77AE9C41121F}.Release|Any CPU.Build.0 = Release|Any CPU
		{1C6ED32C-CE08-8201-C037-87471C9F34EA}.Debug|Any CPU.ActiveCfg = Debug|Any CPU
		{1C6ED32C-CE08-8201-C037-87471C9F34EA}.Debug|Any CPU.Build.0 = Debug|Any CPU
		{1C6ED32C-CE08-8201-C037-87471C9F34EA}.Release|Any CPU.ActiveCfg = Release|Any CPU
		{1C6ED32C-CE08-8201-C037-87471C9F34EA}.Release|Any CPU.Build.0 = Release|Any CPU
		{46EF1A37-6DC5-7B42-B83D-29665873E920}.Debug|Any CPU.ActiveCfg = Debug|Any CPU
		{46EF1A37-6DC5-7B42-B83D-29665873E920}.Debug|Any CPU.Build.0 = Debug|Any CPU
		{46EF1A37-6DC5-7B42-B83D-29665873E920}.Release|Any CPU.ActiveCfg = Release|Any CPU
		{46EF1A37-6DC5-7B42-B83D-29665873E920}.Release|Any CPU.Build.0 = Release|Any CPU
		{56619A30-F9EB-760F-C355-20E539D98414}.Debug|Any CPU.ActiveCfg = Debug|Any CPU
		{56619A30-F9EB-760F-C355-20E539D98414}.Debug|Any CPU.Build.0 = Debug|Any CPU
		{56619A30-F9EB-760F-C355-20E539D98414}.Release|Any CPU.ActiveCfg = Release|Any CPU
		{56619A30-F9EB-760F-C355-20E539D98414}.Release|Any CPU.Build.0 = Release|Any CPU
		{94B530EB-DC9D-F80F-D440-3071AD9F916C}.Debug|Any CPU.ActiveCfg = Debug|Any CPU
		{94B530EB-DC9D-F80F-D440-3071AD9F916C}.Debug|Any CPU.Build.0 = Debug|Any CPU
		{94B530EB-DC9D-F80F-D440-3071AD9F916C}.Release|Any CPU.ActiveCfg = Release|Any CPU
		{94B530EB-DC9D-F80F-D440-3071AD9F916C}.Release|Any CPU.Build.0 = Release|Any CPU
		{CCCB6CA9-D518-9B0A-7D05-FCFB70F0C04C}.Debug|Any CPU.ActiveCfg = Debug|Any CPU
		{CCCB6CA9-D518-9B0A-7D05-FCFB70F0C04C}.Debug|Any CPU.Build.0 = Debug|Any CPU
		{CCCB6CA9-D518-9B0A-7D05-FCFB70F0C04C}.Release|Any CPU.ActiveCfg = Release|Any CPU
		{CCCB6CA9-D518-9B0A-7D05-FCFB70F0C04C}.Release|Any CPU.Build.0 = Release|Any CPU
		{460BDE5D-E9A3-C120-4B64-7E7EE0D74DA2}.Debug|Any CPU.ActiveCfg = Debug|Any CPU
		{460BDE5D-E9A3-C120-4B64-7E7EE0D74DA2}.Debug|Any CPU.Build.0 = Debug|Any CPU
		{460BDE5D-E9A3-C120-4B64-7E7EE0D74DA2}.Release|Any CPU.ActiveCfg = Release|Any CPU
		{460BDE5D-E9A3-C120-4B64-7E7EE0D74DA2}.Release|Any CPU.Build.0 = Release|Any CPU
		{19B505A5-7B5B-463F-E31F-BF6417066A6D}.Debug|Any CPU.ActiveCfg = Debug|Any CPU
		{19B505A5-7B5B-463F-E31F-BF6417066A6D}.Debug|Any CPU.Build.0 = Debug|Any CPU
		{19B505A5-7B5B-463F-E31F-BF6417066A6D}.Release|Any CPU.ActiveCfg = Release|Any CPU
		{19B505A5-7B5B-463F-E31F-BF6417066A6D}.Release|Any CPU.Build.0 = Release|Any CPU
		{A3CC9F55-5E17-B021-9D11-22EE04FE83B3}.Debug|Any CPU.ActiveCfg = Debug|Any CPU
		{A3CC9F55-5E17-B021-9D11-22EE04FE83B3}.Debug|Any CPU.Build.0 = Debug|Any CPU
		{A3CC9F55-5E17-B021-9D11-22EE04FE83B3}.Release|Any CPU.ActiveCfg = Release|Any CPU
		{A3CC9F55-5E17-B021-9D11-22EE04FE83B3}.Release|Any CPU.Build.0 = Release|Any CPU
		{4A7F18AE-1FE8-017B-56DB-CDA4E0DEFA2C}.Debug|Any CPU.ActiveCfg = Debug|Any CPU
		{4A7F18AE-1FE8-017B-56DB-CDA4E0DEFA2C}.Debug|Any CPU.Build.0 = Debug|Any CPU
		{4A7F18AE-1FE8-017B-56DB-CDA4E0DEFA2C}.Release|Any CPU.ActiveCfg = Release|Any CPU
		{4A7F18AE-1FE8-017B-56DB-CDA4E0DEFA2C}.Release|Any CPU.Build.0 = Release|Any CPU
		{B6D7A28E-25D1-9BBC-C462-1979354C8B1E}.Debug|Any CPU.ActiveCfg = Debug|Any CPU
		{B6D7A28E-25D1-9BBC-C462-1979354C8B1E}.Debug|Any CPU.Build.0 = Debug|Any CPU
		{B6D7A28E-25D1-9BBC-C462-1979354C8B1E}.Release|Any CPU.ActiveCfg = Release|Any CPU
		{B6D7A28E-25D1-9BBC-C462-1979354C8B1E}.Release|Any CPU.Build.0 = Release|Any CPU
		{9E529DA7-0482-574D-811B-EA2654F990FE}.Debug|Any CPU.ActiveCfg = Debug|Any CPU
		{9E529DA7-0482-574D-811B-EA2654F990FE}.Debug|Any CPU.Build.0 = Debug|Any CPU
		{9E529DA7-0482-574D-811B-EA2654F990FE}.Release|Any CPU.ActiveCfg = Release|Any CPU
		{9E529DA7-0482-574D-811B-EA2654F990FE}.Release|Any CPU.Build.0 = Release|Any CPU
		{263C5C45-483D-73F4-B5CC-61C523A61668}.Debug|Any CPU.ActiveCfg = Debug|Any CPU
		{263C5C45-483D-73F4-B5CC-61C523A61668}.Debug|Any CPU.Build.0 = Debug|Any CPU
		{263C5C45-483D-73F4-B5CC-61C523A61668}.Release|Any CPU.ActiveCfg = Release|Any CPU
		{263C5C45-483D-73F4-B5CC-61C523A61668}.Release|Any CPU.Build.0 = Release|Any CPU
		{3FFB4A9A-97D0-5549-67D3-99F3C1E33ADF}.Debug|Any CPU.ActiveCfg = Debug|Any CPU
		{3FFB4A9A-97D0-5549-67D3-99F3C1E33ADF}.Debug|Any CPU.Build.0 = Debug|Any CPU
		{3FFB4A9A-97D0-5549-67D3-99F3C1E33ADF}.Release|Any CPU.ActiveCfg = Release|Any CPU
		{3FFB4A9A-97D0-5549-67D3-99F3C1E33ADF}.Release|Any CPU.Build.0 = Release|Any CPU
		{8C023C16-E2AD-55F4-303F-19EC30F7A700}.Debug|Any CPU.ActiveCfg = Debug|Any CPU
		{8C023C16-E2AD-55F4-303F-19EC30F7A700}.Debug|Any CPU.Build.0 = Debug|Any CPU
		{8C023C16-E2AD-55F4-303F-19EC30F7A700}.Release|Any CPU.ActiveCfg = Release|Any CPU
		{8C023C16-E2AD-55F4-303F-19EC30F7A700}.Release|Any CPU.Build.0 = Release|Any CPU
		{D0F9B6E3-2EF9-2901-D534-76607B495E10}.Debug|Any CPU.ActiveCfg = Debug|Any CPU
		{D0F9B6E3-2EF9-2901-D534-76607B495E10}.Debug|Any CPU.Build.0 = Debug|Any CPU
		{D0F9B6E3-2EF9-2901-D534-76607B495E10}.Release|Any CPU.ActiveCfg = Release|Any CPU
		{D0F9B6E3-2EF9-2901-D534-76607B495E10}.Release|Any CPU.Build.0 = Release|Any CPU
		{D0A92652-909A-99CE-1502-D19CF7FD37AB}.Debug|Any CPU.ActiveCfg = Debug|Any CPU
		{D0A92652-909A-99CE-1502-D19CF7FD37AB}.Debug|Any CPU.Build.0 = Debug|Any CPU
		{D0A92652-909A-99CE-1502-D19CF7FD37AB}.Release|Any CPU.ActiveCfg = Release|Any CPU
		{D0A92652-909A-99CE-1502-D19CF7FD37AB}.Release|Any CPU.Build.0 = Release|Any CPU
		{4C0FB2BB-8E35-8BFB-26CB-8B4A8677524C}.Debug|Any CPU.ActiveCfg = Debug|Any CPU
		{4C0FB2BB-8E35-8BFB-26CB-8B4A8677524C}.Debug|Any CPU.Build.0 = Debug|Any CPU
		{4C0FB2BB-8E35-8BFB-26CB-8B4A8677524C}.Release|Any CPU.ActiveCfg = Release|Any CPU
		{4C0FB2BB-8E35-8BFB-26CB-8B4A8677524C}.Release|Any CPU.Build.0 = Release|Any CPU
		{E480AE60-B8B3-AEAC-8ECD-C30823CF9882}.Debug|Any CPU.ActiveCfg = Debug|Any CPU
		{E480AE60-B8B3-AEAC-8ECD-C30823CF9882}.Debug|Any CPU.Build.0 = Debug|Any CPU
		{E480AE60-B8B3-AEAC-8ECD-C30823CF9882}.Release|Any CPU.ActiveCfg = Release|Any CPU
		{E480AE60-B8B3-AEAC-8ECD-C30823CF9882}.Release|Any CPU.Build.0 = Release|Any CPU
		{F4317B56-DB78-85E7-9289-CBD1D04B6DAA}.Debug|Any CPU.ActiveCfg = Debug|Any CPU
		{F4317B56-DB78-85E7-9289-CBD1D04B6DAA}.Debug|Any CPU.Build.0 = Debug|Any CPU
		{F4317B56-DB78-85E7-9289-CBD1D04B6DAA}.Release|Any CPU.ActiveCfg = Release|Any CPU
		{F4317B56-DB78-85E7-9289-CBD1D04B6DAA}.Release|Any CPU.Build.0 = Release|Any CPU
		{474BC7D5-0065-CFBD-F265-AEACFBD77EFD}.Debug|Any CPU.ActiveCfg = Debug|Any CPU
		{474BC7D5-0065-CFBD-F265-AEACFBD77EFD}.Debug|Any CPU.Build.0 = Debug|Any CPU
		{474BC7D5-0065-CFBD-F265-AEACFBD77EFD}.Release|Any CPU.ActiveCfg = Release|Any CPU
		{474BC7D5-0065-CFBD-F265-AEACFBD77EFD}.Release|Any CPU.Build.0 = Release|Any CPU
		{E05304DC-36FC-5791-C412-F22069B2A16D}.Debug|Any CPU.ActiveCfg = Debug|Any CPU
		{E05304DC-36FC-5791-C412-F22069B2A16D}.Debug|Any CPU.Build.0 = Debug|Any CPU
		{E05304DC-36FC-5791-C412-F22069B2A16D}.Release|Any CPU.ActiveCfg = Release|Any CPU
		{E05304DC-36FC-5791-C412-F22069B2A16D}.Release|Any CPU.Build.0 = Release|Any CPU
		{1AAAF987-F69B-CA4E-4989-F0B2221D1671}.Debug|Any CPU.ActiveCfg = Debug|Any CPU
		{1AAAF987-F69B-CA4E-4989-F0B2221D1671}.Debug|Any CPU.Build.0 = Debug|Any CPU
		{1AAAF987-F69B-CA4E-4989-F0B2221D1671}.Release|Any CPU.ActiveCfg = Release|Any CPU
		{1AAAF987-F69B-CA4E-4989-F0B2221D1671}.Release|Any CPU.Build.0 = Release|Any CPU
		{7301B889-5ED5-FF42-F6CB-3FEFFDC9AB00}.Debug|Any CPU.ActiveCfg = Debug|Any CPU
		{7301B889-5ED5-FF42-F6CB-3FEFFDC9AB00}.Debug|Any CPU.Build.0 = Debug|Any CPU
		{7301B889-5ED5-FF42-F6CB-3FEFFDC9AB00}.Release|Any CPU.ActiveCfg = Release|Any CPU
		{7301B889-5ED5-FF42-F6CB-3FEFFDC9AB00}.Release|Any CPU.Build.0 = Release|Any CPU
		{5CA9AF05-5560-6D93-C5A9-6CCDB6FF9818}.Debug|Any CPU.ActiveCfg = Debug|Any CPU
		{5CA9AF05-5560-6D93-C5A9-6CCDB6FF9818}.Debug|Any CPU.Build.0 = Debug|Any CPU
		{5CA9AF05-5560-6D93-C5A9-6CCDB6FF9818}.Release|Any CPU.ActiveCfg = Release|Any CPU
		{5CA9AF05-5560-6D93-C5A9-6CCDB6FF9818}.Release|Any CPU.Build.0 = Release|Any CPU
		{670B148C-74DF-417F-3D8C-6181663CD7D3}.Debug|Any CPU.ActiveCfg = Debug|Any CPU
		{670B148C-74DF-417F-3D8C-6181663CD7D3}.Debug|Any CPU.Build.0 = Debug|Any CPU
		{670B148C-74DF-417F-3D8C-6181663CD7D3}.Release|Any CPU.ActiveCfg = Release|Any CPU
		{670B148C-74DF-417F-3D8C-6181663CD7D3}.Release|Any CPU.Build.0 = Release|Any CPU
		{4EE8D4BF-04A7-F670-760A-48C2D2661CF9}.Debug|Any CPU.ActiveCfg = Debug|Any CPU
		{4EE8D4BF-04A7-F670-760A-48C2D2661CF9}.Debug|Any CPU.Build.0 = Debug|Any CPU
		{4EE8D4BF-04A7-F670-760A-48C2D2661CF9}.Release|Any CPU.ActiveCfg = Release|Any CPU
		{4EE8D4BF-04A7-F670-760A-48C2D2661CF9}.Release|Any CPU.Build.0 = Release|Any CPU
		{9FD73682-1D0E-F68B-93C6-ABB90C2C88CB}.Debug|Any CPU.ActiveCfg = Debug|Any CPU
		{9FD73682-1D0E-F68B-93C6-ABB90C2C88CB}.Debug|Any CPU.Build.0 = Debug|Any CPU
		{9FD73682-1D0E-F68B-93C6-ABB90C2C88CB}.Release|Any CPU.ActiveCfg = Release|Any CPU
		{9FD73682-1D0E-F68B-93C6-ABB90C2C88CB}.Release|Any CPU.Build.0 = Release|Any CPU
		{D43BB691-8414-D972-A004-3B5E502AF8DE}.Debug|Any CPU.ActiveCfg = Debug|Any CPU
		{D43BB691-8414-D972-A004-3B5E502AF8DE}.Debug|Any CPU.Build.0 = Debug|Any CPU
		{D43BB691-8414-D972-A004-3B5E502AF8DE}.Release|Any CPU.ActiveCfg = Release|Any CPU
		{D43BB691-8414-D972-A004-3B5E502AF8DE}.Release|Any CPU.Build.0 = Release|Any CPU
		{B7D084F4-7D98-C210-E0AF-22340D6C340D}.Debug|Any CPU.ActiveCfg = Debug|Any CPU
		{B7D084F4-7D98-C210-E0AF-22340D6C340D}.Debug|Any CPU.Build.0 = Debug|Any CPU
		{B7D084F4-7D98-C210-E0AF-22340D6C340D}.Release|Any CPU.ActiveCfg = Release|Any CPU
		{B7D084F4-7D98-C210-E0AF-22340D6C340D}.Release|Any CPU.Build.0 = Release|Any CPU
		{005E9A2F-AE70-CEAE-22D2-ABA3C66A27A5}.Debug|Any CPU.ActiveCfg = Debug|Any CPU
		{005E9A2F-AE70-CEAE-22D2-ABA3C66A27A5}.Debug|Any CPU.Build.0 = Debug|Any CPU
		{005E9A2F-AE70-CEAE-22D2-ABA3C66A27A5}.Release|Any CPU.ActiveCfg = Release|Any CPU
		{005E9A2F-AE70-CEAE-22D2-ABA3C66A27A5}.Release|Any CPU.Build.0 = Release|Any CPU
	EndGlobalSection
	GlobalSection(SolutionProperties) = preSolution
		HideSolutionNode = FALSE
	EndGlobalSection
EndGlobal
